# This file is automatically @generated by Cargo.
# It is not intended for manual editing.
version = 3

[[package]]
name = "junctiontrace"
version = "0.1.0"

[[package]]
name = "junctiontrace-fuzz"
version = "0.0.0"
dependencies = [
 "junctiontrace",
 "libfuzzer-sys",
]

[[package]]
name = "libfuzzer-sys"
version = "0.4.99"
